
Microsoft Visual Studio Solution File, Format Version 11.00
# Visual Studio 2012
Project("{FAE04EC0-301F-11D3-BF4B-00C04F79EFBC}") = "XmlConfiguration", "XmlConfiguration\XmlConfiguration.csproj", "{3F786FB2-09D2-4158-8E6B-DE5BA83A855D}"
EndProject
Global
	GlobalSection(SolutionConfigurationPlatforms) = preSolution
		Debug|Any CPU = Debug|Any CPU
		Release|Any CPU = Release|Any CPU
	EndGlobalSection
	GlobalSection(ProjectConfigurationPlatforms) = postSolution
		{3F786FB2-09D2-4158-8E6B-DE5BA83A855D}.Debug|Any CPU.ActiveCfg = Debug|Any CPU
		{3F786FB2-09D2-4158-8E6B-DE5BA83A855D}.Debug|Any CPU.Build.0 = Debug|Any CPU
		{3F786FB2-09D2-4158-8E6B-DE5BA83A855D}.Release|Any CPU.ActiveCfg = Release|Any CPU
		{3F786FB2-09D2-4158-8E6B-DE5BA83A855D}.Release|Any CPU.Build.0 = Release|Any CPU
	EndGlobalSection
	GlobalSection(SolutionProperties) = preSolution
		HideSolutionNode = FALSE
	EndGlobalSection
EndGlobal
